// !$*UTF8*$!
{
	archiveVersion = 1;
	classes = {
	};
	objectVersion = 55;
	objects = {

/* Begin PBXBuildFile section */
		FC4C4C25283E6BBA001A9CCC /* AppDelegate.swift in Sources */ = {isa = PBXBuildFile; fileRef = FC4C4C24283E6BBA001A9CCC /* AppDelegate.swift */; };
		FC4C4C27283E6BBA001A9CCC /* SceneDelegate.swift in Sources */ = {isa = PBXBuildFile; fileRef = FC4C4C26283E6BBA001A9CCC /* SceneDelegate.swift */; };
		FC4C4C29283E6BBA001A9CCC /* ViewController.swift in Sources */ = {isa = PBXBuildFile; fileRef = FC4C4C28283E6BBA001A9CCC /* ViewController.swift */; };
		FC4C4C2C283E6BBA001A9CCC /* Main.storyboard in Resources */ = {isa = PBXBuildFile; fileRef = FC4C4C2A283E6BBA001A9CCC /* Main.storyboard */; };
		FC4C4C2E283E6BBE001A9CCC /* Assets.xcassets in Resources */ = {isa = PBXBuildFile; fileRef = FC4C4C2D283E6BBE001A9CCC /* Assets.xcassets */; };
		FC4C4C31283E6BBE001A9CCC /* LaunchScreen.storyboard in Resources */ = {isa = PBXBuildFile; fileRef = FC4C4C2F283E6BBE001A9CCC /* LaunchScreen.storyboard */; };
		FC5EB340285DDFC900E8DE71 /* FirebaseAuth in Frameworks */ = {isa = PBXBuildFile; productRef = FC5EB33F285DDFC900E8DE71 /* FirebaseAuth */; };
		FC5EB342285DDFC900E8DE71 /* FirebaseFirestore in Frameworks */ = {isa = PBXBuildFile; productRef = FC5EB341285DDFC900E8DE71 /* FirebaseFirestore */; };
		FC5EB344285DDFC900E8DE71 /* FirebaseStorage in Frameworks */ = {isa = PBXBuildFile; productRef = FC5EB343285DDFC900E8DE71 /* FirebaseStorage */; };
		FC6F88CF283E74F800E4055E /* GoogleService-Info.plist in Resources */ = {isa = PBXBuildFile; fileRef = FC6F88CE283E74F800E4055E /* GoogleService-Info.plist */; };
		FC6F88D2283E7B0B00E4055E /* FirebaseAuth in Frameworks */ = {isa = PBXBuildFile; productRef = FC6F88D1283E7B0B00E4055E /* FirebaseAuth */; };
		FC6F88D4283E7B0B00E4055E /* FirebaseFirestore in Frameworks */ = {isa = PBXBuildFile; productRef = FC6F88D3283E7B0B00E4055E /* FirebaseFirestore */; };
		FC6F88D6283E7B0B00E4055E /* FirebaseStorage in Frameworks */ = {isa = PBXBuildFile; productRef = FC6F88D5283E7B0B00E4055E /* FirebaseStorage */; };
		FC6F88D8283E92E200E4055E /* FeedViewController.swift in Sources */ = {isa = PBXBuildFile; fileRef = FC6F88D7283E92E200E4055E /* FeedViewController.swift */; };
		FC6F88DA283E930E00E4055E /* UploadViewController.swift in Sources */ = {isa = PBXBuildFile; fileRef = FC6F88D9283E930E00E4055E /* UploadViewController.swift */; };
		FC6F88DC283E935100E4055E /* SettingsViewController.swift in Sources */ = {isa = PBXBuildFile; fileRef = FC6F88DB283E935100E4055E /* SettingsViewController.swift */; };
/* End PBXBuildFile section */

/* Begin PBXFileReference section */
		FC4C4C21283E6BBA001A9CCC /* PhotoSharingApp.app */ = {isa = PBXFileReference; explicitFileType = wrapper.application; includeInIndex = 0; path = PhotoSharingApp.app; sourceTree = BUILT_PRODUCTS_DIR; };
		FC4C4C24283E6BBA001A9CCC /* AppDelegate.swift */ = {isa = PBXFileReference; lastKnownFileType = sourcecode.swift; path = AppDelegate.swift; sourceTree = "<group>"; };
		FC4C4C26283E6BBA001A9CCC /* SceneDelegate.swift */ = {isa = PBXFileReference; lastKnownFileType = sourcecode.swift; path = SceneDelegate.swift; sourceTree = "<group>"; };
		FC4C4C28283E6BBA001A9CCC /* ViewController.swift */ = {isa = PBXFileReference; lastKnownFileType = sourcecode.swift; path = ViewController.swift; sourceTree = "<group>"; };
		FC4C4C2B283E6BBA001A9CCC /* Base */ = {isa = PBXFileReference; lastKnownFileType = file.storyboard; name = Base; path = Base.lproj/Main.storyboard; sourceTree = "<group>"; };
		FC4C4C2D283E6BBE001A9CCC /* Assets.xcassets */ = {isa = PBXFileReference; lastKnownFileType = folder.assetcatalog; path = Assets.xcassets; sourceTree = "<group>"; };
		FC4C4C30283E6BBE001A9CCC /* Base */ = {isa = PBXFileReference; lastKnownFileType = file.storyboard; name = Base; path = Base.lproj/LaunchScreen.storyboard; sourceTree = "<group>"; };
		FC4C4C32283E6BBE001A9CCC /* Info.plist */ = {isa = PBXFileReference; lastKnownFileType = text.plist.xml; path = Info.plist; sourceTree = "<group>"; };
		FC6F88CE283E74F800E4055E /* GoogleService-Info.plist */ = {isa = PBXFileReference; fileEncoding = 4; lastKnownFileType = text.plist.xml; name = "GoogleService-Info.plist"; path = "../../../../Downloads/GoogleService-Info.plist"; sourceTree = "<group>"; };
		FC6F88D7283E92E200E4055E /* FeedViewController.swift */ = {isa = PBXFileReference; lastKnownFileType = sourcecode.swift; path = FeedViewController.swift; sourceTree = "<group>"; };
		FC6F88D9283E930E00E4055E /* UploadViewController.swift */ = {isa = PBXFileReference; lastKnownFileType = sourcecode.swift; path = UploadViewController.swift; sourceTree = "<group>"; };
		FC6F88DB283E935100E4055E /* SettingsViewController.swift */ = {isa = PBXFileReference; lastKnownFileType = sourcecode.swift; path = SettingsViewController.swift; sourceTree = "<group>"; };
/* End PBXFileReference section */

/* Begin PBXFrameworksBuildPhase section */
		FC4C4C1E283E6BBA001A9CCC /* Frameworks */ = {
			isa = PBXFrameworksBuildPhase;
			buildActionMask = 2147483647;
			files = (
				FC6F88D2283E7B0B00E4055E /* FirebaseAuth in Frameworks */,
				FC6F88D4283E7B0B00E4055E /* FirebaseFirestore in Frameworks */,
				FC6F88D6283E7B0B00E4055E /* FirebaseStorage in Frameworks */,
				FC5EB342285DDFC900E8DE71 /* FirebaseFirestore in Frameworks */,
				FC5EB340285DDFC900E8DE71 /* FirebaseAuth in Frameworks */,
				FC5EB344285DDFC900E8DE71 /* FirebaseStorage in Frameworks */,
			);
			runOnlyForDeploymentPostprocessing = 0;
		};
/* End PBXFrameworksBuildPhase section */

/* Begin PBXGroup section */
		FC4C4C18283E6BBA001A9CCC = {
			isa = PBXGroup;
			children = (
				FC4C4C23283E6BBA001A9CCC /* PhotoSharingApp */,
				FC4C4C22283E6BBA001A9CCC /* Products */,
			);
			sourceTree = "<group>";
		};
		FC4C4C22283E6BBA001A9CCC /* Products */ = {
			isa = PBXGroup;
			children = (
				FC4C4C21283E6BBA001A9CCC /* PhotoSharingApp.app */,
			);
			name = Products;
			sourceTree = "<group>";
		};
		FC4C4C23283E6BBA001A9CCC /* PhotoSharingApp */ = {
			isa = PBXGroup;
			children = (
				FC4C4C24283E6BBA001A9CCC /* AppDelegate.swift */,
				FC4C4C26283E6BBA001A9CCC /* SceneDelegate.swift */,
				FC4C4C28283E6BBA001A9CCC /* ViewController.swift */,
				FC6F88D7283E92E200E4055E /* FeedViewController.swift */,
				FC6F88D9283E930E00E4055E /* UploadViewController.swift */,
				FC6F88DB283E935100E4055E /* SettingsViewController.swift */,
				FC4C4C2A283E6BBA001A9CCC /* Main.storyboard */,
				FC4C4C2D283E6BBE001A9CCC /* Assets.xcassets */,
				FC4C4C2F283E6BBE001A9CCC /* LaunchScreen.storyboard */,
				FC4C4C32283E6BBE001A9CCC /* Info.plist */,
				FC6F88CE283E74F800E4055E /* GoogleService-Info.plist */,
			);
			path = PhotoSharingApp;
			sourceTree = "<group>";
		};
/* End PBXGroup section */

/* Begin PBXNativeTarget section */
		FC4C4C20283E6BBA001A9CCC /* PhotoSharingApp */ = {
			isa = PBXNativeTarget;
			buildConfigurationList = FC4C4C35283E6BBE001A9CCC /* Build configuration list for PBXNativeTarget "PhotoSharingApp" */;
			buildPhases = (
				FC4C4C1D283E6BBA001A9CCC /* Sources */,
				FC4C4C1E283E6BBA001A9CCC /* Frameworks */,
				FC4C4C1F283E6BBA001A9CCC /* Resources */,
			);
			buildRules = (
			);
			dependencies = (
			);
			name = PhotoSharingApp;
			packageProductDependencies = (
				FC6F88D1283E7B0B00E4055E /* FirebaseAuth */,
				FC6F88D3283E7B0B00E4055E /* FirebaseFirestore */,
				FC6F88D5283E7B0B00E4055E /* FirebaseStorage */,
				FC5EB33F285DDFC900E8DE71 /* FirebaseAuth */,
				FC5EB341285DDFC900E8DE71 /* FirebaseFirestore */,
				FC5EB343285DDFC900E8DE71 /* FirebaseStorage */,
			);
			productName = PhotoSharingApp;
			productReference = FC4C4C21283E6BBA001A9CCC /* PhotoSharingApp.app */;
			productType = "com.apple.product-type.application";
		};
/* End PBXNativeTarget section */

/* Begin PBXProject section */
		FC4C4C19283E6BBA001A9CCC /* Project object */ = {
			isa = PBXProject;
			attributes = {
				BuildIndependentTargetsInParallel = 1;
				LastSwiftUpdateCheck = 1340;
				LastUpgradeCheck = 1340;
				TargetAttributes = {
					FC4C4C20283E6BBA001A9CCC = {
						CreatedOnToolsVersion = 13.4;
					};
				};
			};
			buildConfigurationList = FC4C4C1C283E6BBA001A9CCC /* Build configuration list for PBXProject "PhotoSharingApp" */;
			compatibilityVersion = "Xcode 13.0";
			developmentRegion = en;
			hasScannedForEncodings = 0;
			knownRegions = (
				en,
				Base,
			);
			mainGroup = FC4C4C18283E6BBA001A9CCC;
			packageReferences = (
				FC6F88D0283E7B0B00E4055E /* XCRemoteSwiftPackageReference "firebase-ios-sdk" */,
				FC5EB33E285DDFC900E8DE71 /* XCRemoteSwiftPackageReference "firebase-ios-sdk" */,
			);
			productRefGroup = FC4C4C22283E6BBA001A9CCC /* Products */;
			projectDirPath = "";
			projectRoot = "";
			targets = (
				FC4C4C20283E6BBA001A9CCC /* PhotoSharingApp */,
			);
		};
/* End PBXProject section */

/* Begin PBXResourcesBuildPhase section */
		FC4C4C1F283E6BBA001A9CCC /* Resources */ = {
			isa = PBXResourcesBuildPhase;
			buildActionMask = 2147483647;
			files = (
				FC4C4C31283E6BBE001A9CCC /* LaunchScreen.storyboard in Resources */,
				FC6F88CF283E74F800E4055E /* GoogleService-Info.plist in Resources */,
				FC4C4C2E283E6BBE001A9CCC /* Assets.xcassets in Resources */,
				FC4C4C2C283E6BBA001A9CCC /* Main.storyboard in Resources */,
			);
			runOnlyForDeploymentPostprocessing = 0;
		};
/* End PBXResourcesBuildPhase section */

/* Begin PBXSourcesBuildPhase section */
		FC4C4C1D283E6BBA001A9CCC /* Sources */ = {
			isa = PBXSourcesBuildPhase;
			buildActionMask = 2147483647;
			files = (
				FC4C4C29283E6BBA001A9CCC /* ViewController.swift in Sources */,
				FC6F88DA283E930E00E4055E /* UploadViewController.swift in Sources */,
				FC4C4C25283E6BBA001A9CCC /* AppDelegate.swift in Sources */,
				FC6F88D8283E92E200E4055E /* FeedViewController.swift in Sources */,
				FC4C4C27283E6BBA001A9CCC /* SceneDelegate.swift in Sources */,
				FC6F88DC283E935100E4055E /* SettingsViewController.swift in Sources */,
			);
			runOnlyForDeploymentPostprocessing = 0;
		};
/* End PBXSourcesBuildPhase section */

/* Begin PBXVariantGroup section */
		FC4C4C2A283E6BBA001A9CCC /* Main.storyboard */ = {
			isa = PBXVariantGroup;
			children = (
				FC4C4C2B283E6BBA001A9CCC /* Base */,
			);
			name = Main.storyboard;
			sourceTree = "<group>";
		};
		FC4C4C2F283E6BBE001A9CCC /* LaunchScreen.storyboard */ = {
			isa = PBXVariantGroup;
			children = (
				FC4C4C30283E6BBE001A9CCC /* Base */,
			);
			name = LaunchScreen.storyboard;
			sourceTree = "<group>";
		};
/* End PBXVariantGroup section */

/* Begin XCBuildConfiguration section */
		FC4C4C33283E6BBE001A9CCC /* Debug */ = {
			isa = XCBuildConfiguration;
			buildSettings = {
				ALWAYS_SEARCH_USER_PATHS = NO;
				CLANG_ANALYZER_NONNULL = YES;
				CLANG_ANALYZER_NUMBER_OBJECT_CONVERSION = YES_AGGRESSIVE;
				CLANG_CXX_LANGUAGE_STANDARD = "gnu++17";
				CLANG_ENABLE_MODULES = YES;
				CLANG_ENABLE_OBJC_ARC = YES;
				CLANG_ENABLE_OBJC_WEAK = YES;
				CLANG_WARN_BLOCK_CAPTURE_AUTORELEASING = YES;
				CLANG_WARN_BOOL_CONVERSION = YES;
				CLANG_WARN_COMMA = YES;
				CLANG_WARN_CONSTANT_CONVERSION = YES;
				CLANG_WARN_DEPRECATED_OBJC_IMPLEMENTATIONS = YES;
				CLANG_WARN_DIRECT_OBJC_ISA_USAGE = YES_ERROR;
				CLANG_WARN_DOCUMENTATION_COMMENTS = YES;
				CLANG_WARN_EMPTY_BODY = YES;
				CLANG_WARN_ENUM_CONVERSION = YES;
				CLANG_WARN_INFINITE_RECURSION = YES;
				CLANG_WARN_INT_CONVERSION = YES;
				CLANG_WARN_NON_LITERAL_NULL_CONVERSION = YES;
				CLANG_WARN_OBJC_IMPLICIT_RETAIN_SELF = YES;
				CLANG_WARN_OBJC_LITERAL_CONVERSION = YES;
				CLANG_WARN_OBJC_ROOT_CLASS = YES_ERROR;
				CLANG_WARN_QUOTED_INCLUDE_IN_FRAMEWORK_HEADER = YES;
				CLANG_WARN_RANGE_LOOP_ANALYSIS = YES;
				CLANG_WARN_STRICT_PROTOTYPES = YES;
				CLANG_WARN_SUSPICIOUS_MOVE = YES;
				CLANG_WARN_UNGUARDED_AVAILABILITY = YES_AGGRESSIVE;
				CLANG_WARN_UNREACHABLE_CODE = YES;
				CLANG_WARN__DUPLICATE_METHOD_MATCH = YES;
				COPY_PHASE_STRIP = NO;
				DEBUG_INFORMATION_FORMAT = dwarf;
				ENABLE_STRICT_OBJC_MSGSEND = YES;
				ENABLE_TESTABILITY = YES;
				GCC_C_LANGUAGE_STANDARD = gnu11;
				GCC_DYNAMIC_NO_PIC = NO;
				GCC_NO_COMMON_BLOCKS = YES;
				GCC_OPTIMIZATION_LEVEL = 0;
				GCC_PREPROCESSOR_DEFINITIONS = (
					"DEBUG=1",
					"$(inherited)",
				);
				GCC_WARN_64_TO_32_BIT_CONVERSION = YES;
				GCC_WARN_ABOUT_RETURN_TYPE = YES_ERROR;
				GCC_WARN_UNDECLARED_SELECTOR = YES;
				GCC_WARN_UNINITIALIZED_AUTOS = YES_AGGRESSIVE;
				GCC_WARN_UNUSED_FUNCTION = YES;
				GCC_WARN_UNUSED_VARIABLE = YES;
				IPHONEOS_DEPLOYMENT_TARGET = 15.5;
				MTL_ENABLE_DEBUG_INFO = INCLUDE_SOURCE;
				MTL_FAST_MATH = YES;
				ONLY_ACTIVE_ARCH = YES;
				SDKROOT = iphoneos;
				SWIFT_ACTIVE_COMPILATION_CONDITIONS = DEBUG;
				SWIFT_OPTIMIZATION_LEVEL = "-Onone";
			};
			name = Debug;
		};
		FC4C4C34283E6BBE001A9CCC /* Release */ = {
			isa = XCBuildConfiguration;
			buildSettings = {
				ALWAYS_SEARCH_USER_PATHS = NO;
				CLANG_ANALYZER_NONNULL = YES;
				CLANG_ANALYZER_NUMBER_OBJECT_CONVERSION = YES_AGGRESSIVE;
				CLANG_CXX_LANGUAGE_STANDARD = "gnu++17";
				CLANG_ENABLE_MODULES = YES;
				CLANG_ENABLE_OBJC_ARC = YES;
				CLANG_ENABLE_OBJC_WEAK = YES;
				CLANG_WARN_BLOCK_CAPTURE_AUTORELEASING = YES;
				CLANG_WARN_BOOL_CONVERSION = YES;
				CLANG_WARN_COMMA = YES;
				CLANG_WARN_CONSTANT_CONVERSION = YES;
				CLANG_WARN_DEPRECATED_OBJC_IMPLEMENTATIONS = YES;
				CLANG_WARN_DIRECT_OBJC_ISA_USAGE = YES_ERROR;
				CLANG_WARN_DOCUMENTATION_COMMENTS = YES;
				CLANG_WARN_EMPTY_BODY = YES;
				CLANG_WARN_ENUM_CONVERSION = YES;
				CLANG_WARN_INFINITE_RECURSION = YES;
				CLANG_WARN_INT_CONVERSION = YES;
				CLANG_WARN_NON_LITERAL_NULL_CONVERSION = YES;
				CLANG_WARN_OBJC_IMPLICIT_RETAIN_SELF = YES;
				CLANG_WARN_OBJC_LITERAL_CONVERSION = YES;
				CLANG_WARN_OBJC_ROOT_CLASS = YES_ERROR;
				CLANG_WARN_QUOTED_INCLUDE_IN_FRAMEWORK_HEADER = YES;
				CLANG_WARN_RANGE_LOOP_ANALYSIS = YES;
				CLANG_WARN_STRICT_PROTOTYPES = YES;
				CLANG_WARN_SUSPICIOUS_MOVE = YES;
				CLANG_WARN_UNGUARDED_AVAILABILITY = YES_AGGRESSIVE;
				CLANG_WARN_UNREACHABLE_CODE = YES;
				CLANG_WARN__DUPLICATE_METHOD_MATCH = YES;
				COPY_PHASE_STRIP = NO;
				DEBUG_INFORMATION_FORMAT = "dwarf-with-dsym";
				ENABLE_NS_ASSERTIONS = NO;
				ENABLE_STRICT_OBJC_MSGSEND = YES;
				GCC_C_LANGUAGE_STANDARD = gnu11;
				GCC_NO_COMMON_BLOCKS = YES;
				GCC_WARN_64_TO_32_BIT_CONVERSION = YES;
				GCC_WARN_ABOUT_RETURN_TYPE = YES_ERROR;
				GCC_WARN_UNDECLARED_SELECTOR = YES;
				GCC_WARN_UNINITIALIZED_AUTOS = YES_AGGRESSIVE;
				GCC_WARN_UNUSED_FUNCTION = YES;
				GCC_WARN_UNUSED_VARIABLE = YES;
				IPHONEOS_DEPLOYMENT_TARGET = 15.5;
				MTL_ENABLE_DEBUG_INFO = NO;
				MTL_FAST_MATH = YES;
				SDKROOT = iphoneos;
				SWIFT_COMPILATION_MODE = wholemodule;
				SWIFT_OPTIMIZATION_LEVEL = "-O";
				VALIDATE_PRODUCT = YES;
			};
			name = Release;
		};
		FC4C4C36283E6BBE001A9CCC /* Debug */ = {
			isa = XCBuildConfiguration;
			buildSettings = {
				ASSETCATALOG_COMPILER_APPICON_NAME = AppIcon;
				ASSETCATALOG_COMPILER_GLOBAL_ACCENT_COLOR_NAME = AccentColor;
				CODE_SIGN_STYLE = Automatic;
				CURRENT_PROJECT_VERSION = 1;
				GENERATE_INFOPLIST_FILE = YES;
				INFOPLIST_FILE = PhotoSharingApp/Info.plist;
				INFOPLIST_KEY_UIApplicationSupportsIndirectInputEvents = YES;
				INFOPLIST_KEY_UILaunchStoryboardName = LaunchScreen;
				INFOPLIST_KEY_UIMainStoryboardFile = Main;
				INFOPLIST_KEY_UISupportedInterfaceOrientations_iPad = "UIInterfaceOrientationPortrait UIInterfaceOrientationPortraitUpsideDown UIInterfaceOrientationLandscapeLeft UIInterfaceOrientationLandscapeRight";
				INFOPLIST_KEY_UISupportedInterfaceOrientations_iPhone = "UIInterfaceOrientationPortrait UIInterfaceOrientationLandscapeLeft UIInterfaceOrientationLandscapeRight";
				LD_RUNPATH_SEARCH_PATHS = (
					"$(inherited)",
					"@executable_path/Frameworks",
				);
				MARKETING_VERSION = 1.0;
				PRODUCT_BUNDLE_IDENTIFIER = omer.PhotoSharingApp;
				PRODUCT_NAME = "$(TARGET_NAME)";
				SWIFT_EMIT_LOC_STRINGS = YES;
				SWIFT_VERSION = 5.0;
				TARGETED_DEVICE_FAMILY = "1,2";
			};
			name = Debug;
		};
		FC4C4C37283E6BBE001A9CCC /* Release */ = {
			isa = XCBuildConfiguration;
			buildSettings = {
				ASSETCATALOG_COMPILER_APPICON_NAME = AppIcon;
				ASSETCATALOG_COMPILER_GLOBAL_ACCENT_COLOR_NAME = AccentColor;
				CODE_SIGN_STYLE = Automatic;
				CURRENT_PROJECT_VERSION = 1;
				GENERATE_INFOPLIST_FILE = YES;
				INFOPLIST_FILE = PhotoSharingApp/Info.plist;
				INFOPLIST_KEY_UIApplicationSupportsIndirectInputEvents = YES;
				INFOPLIST_KEY_UILaunchStoryboardName = LaunchScreen;
				INFOPLIST_KEY_UIMainStoryboardFile = Main;
				INFOPLIST_KEY_UISupportedInterfaceOrientations_iPad = "UIInterfaceOrientationPortrait UIInterfaceOrientationPortraitUpsideDown UIInterfaceOrientationLandscapeLeft UIInterfaceOrientationLandscapeRight";
				INFOPLIST_KEY_UISupportedInterfaceOrientations_iPhone = "UIInterfaceOrientationPortrait UIInterfaceOrientationLandscapeLeft UIInterfaceOrientationLandscapeRight";
				LD_RUNPATH_SEARCH_PATHS = (
					"$(inherited)",
					"@executable_path/Frameworks",
				);
				MARKETING_VERSION = 1.0;
				PRODUCT_BUNDLE_IDENTIFIER = omer.PhotoSharingApp;
				PRODUCT_NAME = "$(TARGET_NAME)";
				SWIFT_EMIT_LOC_STRINGS = YES;
				SWIFT_VERSION = 5.0;
				TARGETED_DEVICE_FAMILY = "1,2";
			};
			name = Release;
		};
/* End XCBuildConfiguration section */

/* Begin XCConfigurationList section */
		FC4C4C1C283E6BBA001A9CCC /* Build configuration list for PBXProject "PhotoSharingApp" */ = {
			isa = XCConfigurationList;
			buildConfigurations = (
				FC4C4C33283E6BBE001A9CCC /* Debug */,
				FC4C4C34283E6BBE001A9CCC /* Release */,
			);
			defaultConfigurationIsVisible = 0;
			defaultConfigurationName = Release;
		};
		FC4C4C35283E6BBE001A9CCC /* Build configuration list for PBXNativeTarget "PhotoSharingApp" */ = {
			isa = XCConfigurationList;
			buildConfigurations = (
				FC4C4C36283E6BBE001A9CCC /* Debug */,
				FC4C4C37283E6BBE001A9CCC /* Release */,
			);
			defaultConfigurationIsVisible = 0;
			defaultConfigurationName = Release;
		};
/* End XCConfigurationList section */

/* Begin XCRemoteSwiftPackageReference section */
		FC5EB33E285DDFC900E8DE71 /* XCRemoteSwiftPackageReference "firebase-ios-sdk" */ = {
			isa = XCRemoteSwiftPackageReference;
			repositoryURL = "https://github.com/firebase/firebase-ios-sdk";
			requirement = {
				branch = master;
				kind = branch;
			};
		};
		FC6F88D0283E7B0B00E4055E /* XCRemoteSwiftPackageReference "firebase-ios-sdk" */ = {
			isa = XCRemoteSwiftPackageReference;
			repositoryURL = "https://github.com/firebase/firebase-ios-sdk";
			requirement = {
				kind = upToNextMajorVersion;
				minimumVersion = 9.0.0;
			};
		};
/* End XCRemoteSwiftPackageReference section */

/* Begin XCSwiftPackageProductDependency section */
		FC5EB33F285DDFC900E8DE71 /* FirebaseAuth */ = {
			isa = XCSwiftPackageProductDependency;
			package = FC5EB33E285DDFC900E8DE71 /* XCRemoteSwiftPackageReference "firebase-ios-sdk" */;
			productName = FirebaseAuth;
		};
		FC5EB341285DDFC900E8DE71 /* FirebaseFirestore */ = {
			isa = XCSwiftPackageProductDependency;
			package = FC5EB33E285DDFC900E8DE71 /* XCRemoteSwiftPackageReference "firebase-ios-sdk" */;
			productName = FirebaseFirestore;
		};
		FC5EB343285DDFC900E8DE71 /* FirebaseStorage */ = {
			isa = XCSwiftPackageProductDependency;
			package = FC5EB33E285DDFC900E8DE71 /* XCRemoteSwiftPackageReference "firebase-ios-sdk" */;
			productName = FirebaseStorage;
		};
		FC6F88D1283E7B0B00E4055E /* FirebaseAuth */ = {
			isa = XCSwiftPackageProductDependency;
			package = FC6F88D0283E7B0B00E4055E /* XCRemoteSwiftPackageReference "firebase-ios-sdk" */;
			productName = FirebaseAuth;
		};
		FC6F88D3283E7B0B00E4055E /* FirebaseFirestore */ = {
			isa = XCSwiftPackageProductDependency;
			package = FC6F88D0283E7B0B00E4055E /* XCRemoteSwiftPackageReference "firebase-ios-sdk" */;
			productName = FirebaseFirestore;
		};
		FC6F88D5283E7B0B00E4055E /* FirebaseStorage */ = {
			isa = XCSwiftPackageProductDependency;
			package = FC6F88D0283E7B0B00E4055E /* XCRemoteSwiftPackageReference "firebase-ios-sdk" */;
			productName = FirebaseStorage;
		};
/* End XCSwiftPackageProductDependency section */
	};
	rootObject = FC4C4C19283E6BBA001A9CCC /* Project object */;
}
